
Microsoft Visual Studio Solution File, Format Version 12.00
# Visual Studio Version 17
VisualStudioVersion = 17.4.33213.308
MinimumVisualStudioVersion = 10.0.40219.1
Project("{2150E333-8FDC-42A3-9474-1A3956D46DE8}") = "ActivityLog", "ActivityLog", "{5C41D1C7-8502-415E-A8C6-ED5A19F80041}"
EndProject
Project("{2150E333-8FDC-42A3-9474-1A3956D46DE8}") = "FinancialGoal", "FinancialGoal", "{7E5629EC-627A-4586-926E-BEA4C3802505}"
EndProject
Project("{2150E333-8FDC-42A3-9474-1A3956D46DE8}") = "UserAuthentication", "UserAuthentication", "{E59A475B-11E2-4053-B36D-18F8AFEE8919}"
EndProject
Project("{2150E333-8FDC-42A3-9474-1A3956D46DE8}") = "UserAuthentication.API", "UserAuthentication.API", "{DF07A71F-E097-4541-954E-2BF4F4274FE4}"
EndProject
Project("{2150E333-8FDC-42A3-9474-1A3956D46DE8}") = "UserAuthentication.Domain", "UserAuthentication.Domain", "{F8B828C5-E7C3-4044-A5EF-C798F73BCB61}"
EndProject
Project("{2150E333-8FDC-42A3-9474-1A3956D46DE8}") = "UserAuthentication.Infrastructure", "UserAuthentication.Infrastructure", "{4F24ED57-C2CC-4FAD-BB74-7F48D99C8743}"
EndProject
Project("{2150E333-8FDC-42A3-9474-1A3956D46DE8}") = "src", "src", "{A8F5CC6F-F1B9-4363-BBFE-DBBFFCDB737D}"
EndProject
Project("{2150E333-8FDC-42A3-9474-1A3956D46DE8}") = "test", "test", "{6DF257A8-511F-4DA9-8A1F-FF4C4245E0D6}"
EndProject
Project("{9A19103F-16F7-4668-BE54-9A1E7A4F7556}") = "UserAuthentication.AppService", "UserAuthentication.AppService\UserAuthentication.AppService.csproj", "{E4894257-61A8-4D91-9E24-DA2AE76F1F3E}"
EndProject
Project("{9A19103F-16F7-4668-BE54-9A1E7A4F7556}") = "UserAuthentication.Entities", "UserAuthentication.Entities\UserAuthentication.Entities.csproj", "{CF9BE0F7-E98B-4D21-8F2F-C998383B9DCA}"
EndProject
Project("{9A19103F-16F7-4668-BE54-9A1E7A4F7556}") = "UserAuthentication.UseCase", "UserAuthentication.UseCase\UserAuthentication.UseCase.csproj", "{5FDDA589-2940-4743-8479-A44BBEF96E15}"
EndProject
Project("{9A19103F-16F7-4668-BE54-9A1E7A4F7556}") = "UserAuthentication.DrivenAdapter", "UserAuthentication.DrivenAdapter\UserAuthentication.DrivenAdapter.csproj", "{2E87968E-A85C-4534-9A84-0D4A0B3EDC02}"
EndProject
Project("{2150E333-8FDC-42A3-9474-1A3956D46DE8}") = "doc", "doc", "{57883DC1-97A4-4BD4-AF38-267F0460E591}"
EndProject
Project("{2150E333-8FDC-42A3-9474-1A3956D46DE8}") = "API", "API", "{FC70B8B6-3163-4C64-9043-B7E3CA2A797F}"
EndProject
Project("{2150E333-8FDC-42A3-9474-1A3956D46DE8}") = "Domain", "Domain", "{00FA5F8C-50EF-40B2-8027-7FF9FF49E508}"
EndProject
Project("{2150E333-8FDC-42A3-9474-1A3956D46DE8}") = "Application", "Application", "{B65A777C-0FF2-48CF-83E6-4277DB7A4D02}"
EndProject
Project("{2150E333-8FDC-42A3-9474-1A3956D46DE8}") = "Infrastructure", "Infrastructure", "{B972A766-BAA0-45FE-910F-5DA556017891}"
EndProject
Project("{9A19103F-16F7-4668-BE54-9A1E7A4F7556}") = "FinancialGoal.API", "FinancialGoal.API\FinancialGoal.API.csproj", "{A0A4705D-823F-4A8A-8F84-854A2C3E4C85}"
	ProjectSection(ProjectDependencies) = postProject
		{503CCFB2-DE47-48D8-B2DE-7A872257C82C} = {503CCFB2-DE47-48D8-B2DE-7A872257C82C}
		{C7384397-C1C2-4507-B5BC-59277D87CA69} = {C7384397-C1C2-4507-B5BC-59277D87CA69}
	EndProjectSection
EndProject
Project("{9A19103F-16F7-4668-BE54-9A1E7A4F7556}") = "FinancialGoal.Application", "FinancialGoal.Application\FinancialGoal.Application.csproj", "{C7384397-C1C2-4507-B5BC-59277D87CA69}"
EndProject
Project("{9A19103F-16F7-4668-BE54-9A1E7A4F7556}") = "FinancialGoal.Domain", "FinancialGoal.Domain\FinancialGoal.Domain.csproj", "{828FA0A9-D44B-41B6-97EC-BCB6310B6C8A}"
EndProject
Project("{9A19103F-16F7-4668-BE54-9A1E7A4F7556}") = "FinancialGoal.Infrastructure", "FinancialGoal.Infrastructure\FinancialGoal.Infrastructure.csproj", "{503CCFB2-DE47-48D8-B2DE-7A872257C82C}"
EndProject
Project("{2150E333-8FDC-42A3-9474-1A3956D46DE8}") = "API", "API", "{F31CC044-FAE1-4A49-9A83-8804D2E484BD}"
EndProject
Project("{2150E333-8FDC-42A3-9474-1A3956D46DE8}") = "Application", "Application", "{46ED4110-7CB6-4B2C-BEF2-9F6308413BD1}"
EndProject
Project("{2150E333-8FDC-42A3-9474-1A3956D46DE8}") = "Domain", "Domain", "{76076065-D646-4AF9-9D84-27C26DC039E6}"
EndProject
Project("{2150E333-8FDC-42A3-9474-1A3956D46DE8}") = "Infrastructure", "Infrastructure", "{6EED3642-BF51-4C4A-9ECA-366C2FE4DDA3}"
EndProject
Project("{FAE04EC0-301F-11D3-BF4B-00C04F79EFBC}") = "ActivityLog.API", "ActivityLog.API\ActivityLog.API.csproj", "{BE77A2BE-A156-40C0-8DDB-519AFCD61014}"
EndProject
Project("{FAE04EC0-301F-11D3-BF4B-00C04F79EFBC}") = "ActivityLog.Application", "ActivityLog.Application\ActivityLog.Application.csproj", "{F0225D9E-5789-4352-9799-6A18158D6BB9}"
EndProject
Project("{FAE04EC0-301F-11D3-BF4B-00C04F79EFBC}") = "ActivityLog.Domain", "ActivityLog.Domain\ActivityLog.Domain.csproj", "{5CECB80C-CE2B-4970-8169-DCB08D590C43}"
EndProject
Project("{FAE04EC0-301F-11D3-BF4B-00C04F79EFBC}") = "ActivityLog.Infrastructure", "ActivityLog.Infrastructure\ActivityLog.Infrastructure.csproj", "{6F1AB910-AA88-4511-91DD-9736DA729982}"
EndProject
Global
	GlobalSection(SolutionConfigurationPlatforms) = preSolution
		Debug|Any CPU = Debug|Any CPU
		Release|Any CPU = Release|Any CPU
	EndGlobalSection
	GlobalSection(ProjectConfigurationPlatforms) = postSolution
		{E4894257-61A8-4D91-9E24-DA2AE76F1F3E}.Debug|Any CPU.ActiveCfg = Debug|Any CPU
		{E4894257-61A8-4D91-9E24-DA2AE76F1F3E}.Debug|Any CPU.Build.0 = Debug|Any CPU
		{E4894257-61A8-4D91-9E24-DA2AE76F1F3E}.Release|Any CPU.ActiveCfg = Release|Any CPU
		{E4894257-61A8-4D91-9E24-DA2AE76F1F3E}.Release|Any CPU.Build.0 = Release|Any CPU
		{CF9BE0F7-E98B-4D21-8F2F-C998383B9DCA}.Debug|Any CPU.ActiveCfg = Debug|Any CPU
		{CF9BE0F7-E98B-4D21-8F2F-C998383B9DCA}.Debug|Any CPU.Build.0 = Debug|Any CPU
		{CF9BE0F7-E98B-4D21-8F2F-C998383B9DCA}.Release|Any CPU.ActiveCfg = Release|Any CPU
		{CF9BE0F7-E98B-4D21-8F2F-C998383B9DCA}.Release|Any CPU.Build.0 = Release|Any CPU
		{5FDDA589-2940-4743-8479-A44BBEF96E15}.Debug|Any CPU.ActiveCfg = Debug|Any CPU
		{5FDDA589-2940-4743-8479-A44BBEF96E15}.Debug|Any CPU.Build.0 = Debug|Any CPU
		{5FDDA589-2940-4743-8479-A44BBEF96E15}.Release|Any CPU.ActiveCfg = Release|Any CPU
		{5FDDA589-2940-4743-8479-A44BBEF96E15}.Release|Any CPU.Build.0 = Release|Any CPU
		{2E87968E-A85C-4534-9A84-0D4A0B3EDC02}.Debug|Any CPU.ActiveCfg = Debug|Any CPU
		{2E87968E-A85C-4534-9A84-0D4A0B3EDC02}.Debug|Any CPU.Build.0 = Debug|Any CPU
		{2E87968E-A85C-4534-9A84-0D4A0B3EDC02}.Release|Any CPU.ActiveCfg = Release|Any CPU
		{2E87968E-A85C-4534-9A84-0D4A0B3EDC02}.Release|Any CPU.Build.0 = Release|Any CPU
		{A0A4705D-823F-4A8A-8F84-854A2C3E4C85}.Debug|Any CPU.ActiveCfg = Debug|Any CPU
		{A0A4705D-823F-4A8A-8F84-854A2C3E4C85}.Debug|Any CPU.Build.0 = Debug|Any CPU
		{A0A4705D-823F-4A8A-8F84-854A2C3E4C85}.Release|Any CPU.ActiveCfg = Release|Any CPU
		{A0A4705D-823F-4A8A-8F84-854A2C3E4C85}.Release|Any CPU.Build.0 = Release|Any CPU
		{C7384397-C1C2-4507-B5BC-59277D87CA69}.Debug|Any CPU.ActiveCfg = Debug|Any CPU
		{C7384397-C1C2-4507-B5BC-59277D87CA69}.Debug|Any CPU.Build.0 = Debug|Any CPU
		{C7384397-C1C2-4507-B5BC-59277D87CA69}.Release|Any CPU.ActiveCfg = Release|Any CPU
		{C7384397-C1C2-4507-B5BC-59277D87CA69}.Release|Any CPU.Build.0 = Release|Any CPU
		{828FA0A9-D44B-41B6-97EC-BCB6310B6C8A}.Debug|Any CPU.ActiveCfg = Debug|Any CPU
		{828FA0A9-D44B-41B6-97EC-BCB6310B6C8A}.Debug|Any CPU.Build.0 = Debug|Any CPU
		{828FA0A9-D44B-41B6-97EC-BCB6310B6C8A}.Release|Any CPU.ActiveCfg = Release|Any CPU
		{828FA0A9-D44B-41B6-97EC-BCB6310B6C8A}.Release|Any CPU.Build.0 = Release|Any CPU
		{503CCFB2-DE47-48D8-B2DE-7A872257C82C}.Debug|Any CPU.ActiveCfg = Debug|Any CPU
		{503CCFB2-DE47-48D8-B2DE-7A872257C82C}.Debug|Any CPU.Build.0 = Debug|Any CPU
		{503CCFB2-DE47-48D8-B2DE-7A872257C82C}.Release|Any CPU.ActiveCfg = Release|Any CPU
		{503CCFB2-DE47-48D8-B2DE-7A872257C82C}.Release|Any CPU.Build.0 = Release|Any CPU
		{BE77A2BE-A156-40C0-8DDB-519AFCD61014}.Debug|Any CPU.ActiveCfg = Debug|Any CPU
		{BE77A2BE-A156-40C0-8DDB-519AFCD61014}.Debug|Any CPU.Build.0 = Debug|Any CPU
		{BE77A2BE-A156-40C0-8DDB-519AFCD61014}.Release|Any CPU.ActiveCfg = Release|Any CPU
		{BE77A2BE-A156-40C0-8DDB-519AFCD61014}.Release|Any CPU.Build.0 = Release|Any CPU
		{F0225D9E-5789-4352-9799-6A18158D6BB9}.Debug|Any CPU.ActiveCfg = Debug|Any CPU
		{F0225D9E-5789-4352-9799-6A18158D6BB9}.Debug|Any CPU.Build.0 = Debug|Any CPU
		{F0225D9E-5789-4352-9799-6A18158D6BB9}.Release|Any CPU.ActiveCfg = Release|Any CPU
		{F0225D9E-5789-4352-9799-6A18158D6BB9}.Release|Any CPU.Build.0 = Release|Any CPU
		{5CECB80C-CE2B-4970-8169-DCB08D590C43}.Debug|Any CPU.ActiveCfg = Debug|Any CPU
		{5CECB80C-CE2B-4970-8169-DCB08D590C43}.Debug|Any CPU.Build.0 = Debug|Any CPU
		{5CECB80C-CE2B-4970-8169-DCB08D590C43}.Release|Any CPU.ActiveCfg = Release|Any CPU
		{5CECB80C-CE2B-4970-8169-DCB08D590C43}.Release|Any CPU.Build.0 = Release|Any CPU
		{6F1AB910-AA88-4511-91DD-9736DA729982}.Debug|Any CPU.ActiveCfg = Debug|Any CPU
		{6F1AB910-AA88-4511-91DD-9736DA729982}.Debug|Any CPU.Build.0 = Debug|Any CPU
		{6F1AB910-AA88-4511-91DD-9736DA729982}.Release|Any CPU.ActiveCfg = Release|Any CPU
		{6F1AB910-AA88-4511-91DD-9736DA729982}.Release|Any CPU.Build.0 = Release|Any CPU
	EndGlobalSection
	GlobalSection(SolutionProperties) = preSolution
		HideSolutionNode = FALSE
	EndGlobalSection
	GlobalSection(NestedProjects) = preSolution
		{5C41D1C7-8502-415E-A8C6-ED5A19F80041} = {A8F5CC6F-F1B9-4363-BBFE-DBBFFCDB737D}
		{7E5629EC-627A-4586-926E-BEA4C3802505} = {A8F5CC6F-F1B9-4363-BBFE-DBBFFCDB737D}
		{E59A475B-11E2-4053-B36D-18F8AFEE8919} = {A8F5CC6F-F1B9-4363-BBFE-DBBFFCDB737D}
		{DF07A71F-E097-4541-954E-2BF4F4274FE4} = {E59A475B-11E2-4053-B36D-18F8AFEE8919}
		{F8B828C5-E7C3-4044-A5EF-C798F73BCB61} = {E59A475B-11E2-4053-B36D-18F8AFEE8919}
		{4F24ED57-C2CC-4FAD-BB74-7F48D99C8743} = {E59A475B-11E2-4053-B36D-18F8AFEE8919}
		{E4894257-61A8-4D91-9E24-DA2AE76F1F3E} = {DF07A71F-E097-4541-954E-2BF4F4274FE4}
		{CF9BE0F7-E98B-4D21-8F2F-C998383B9DCA} = {F8B828C5-E7C3-4044-A5EF-C798F73BCB61}
		{5FDDA589-2940-4743-8479-A44BBEF96E15} = {F8B828C5-E7C3-4044-A5EF-C798F73BCB61}
		{2E87968E-A85C-4534-9A84-0D4A0B3EDC02} = {4F24ED57-C2CC-4FAD-BB74-7F48D99C8743}
		{FC70B8B6-3163-4C64-9043-B7E3CA2A797F} = {7E5629EC-627A-4586-926E-BEA4C3802505}
		{00FA5F8C-50EF-40B2-8027-7FF9FF49E508} = {7E5629EC-627A-4586-926E-BEA4C3802505}
		{B65A777C-0FF2-48CF-83E6-4277DB7A4D02} = {7E5629EC-627A-4586-926E-BEA4C3802505}
		{B972A766-BAA0-45FE-910F-5DA556017891} = {7E5629EC-627A-4586-926E-BEA4C3802505}
		{A0A4705D-823F-4A8A-8F84-854A2C3E4C85} = {FC70B8B6-3163-4C64-9043-B7E3CA2A797F}
		{C7384397-C1C2-4507-B5BC-59277D87CA69} = {B65A777C-0FF2-48CF-83E6-4277DB7A4D02}
		{828FA0A9-D44B-41B6-97EC-BCB6310B6C8A} = {00FA5F8C-50EF-40B2-8027-7FF9FF49E508}
		{503CCFB2-DE47-48D8-B2DE-7A872257C82C} = {B972A766-BAA0-45FE-910F-5DA556017891}
		{F31CC044-FAE1-4A49-9A83-8804D2E484BD} = {5C41D1C7-8502-415E-A8C6-ED5A19F80041}
		{46ED4110-7CB6-4B2C-BEF2-9F6308413BD1} = {5C41D1C7-8502-415E-A8C6-ED5A19F80041}
		{76076065-D646-4AF9-9D84-27C26DC039E6} = {5C41D1C7-8502-415E-A8C6-ED5A19F80041}
		{6EED3642-BF51-4C4A-9ECA-366C2FE4DDA3} = {5C41D1C7-8502-415E-A8C6-ED5A19F80041}
		{BE77A2BE-A156-40C0-8DDB-519AFCD61014} = {F31CC044-FAE1-4A49-9A83-8804D2E484BD}
		{F0225D9E-5789-4352-9799-6A18158D6BB9} = {46ED4110-7CB6-4B2C-BEF2-9F6308413BD1}
		{5CECB80C-CE2B-4970-8169-DCB08D590C43} = {76076065-D646-4AF9-9D84-27C26DC039E6}
		{6F1AB910-AA88-4511-91DD-9736DA729982} = {6EED3642-BF51-4C4A-9ECA-366C2FE4DDA3}
	EndGlobalSection
	GlobalSection(ExtensibilityGlobals) = postSolution
		SolutionGuid = {36D6ADA6-F012-4E51-A5F0-CBD5C847045F}
	EndGlobalSection
EndGlobal
